
Microsoft Visual Studio Solution File, Format Version 12.00
# Visual Studio Version 17
VisualStudioVersion = 17.4.33205.214
MinimumVisualStudioVersion = 10.0.40219.1
Project("{9A19103F-16F7-4668-BE54-9A1E7A4F7556}") = "AddressBook.CommonLibrary", "AddressBook.CommonLibrary\AddressBook.CommonLibrary.csproj", "{346623A9-EE13-4BB4-93C0-068A7CAE43EE}"
EndProject
Project("{9A19103F-16F7-4668-BE54-9A1E7A4F7556}") = "AddressBook.ViewerConsoleApp", "AddressBook.ViewerConsoleApp\AddressBook.ViewerConsoleApp.csproj", "{412767D6-D574-4BFC-AD3A-C1BB52F39FDA}"
EndProject
Project("{FAE04EC0-301F-11D3-BF4B-00C04F79EFBC}") = "AddressBook.ViewerWpfApp", "AddressBook.ViewerWpfApp\AddressBook.ViewerWpfApp.csproj", "{A1A6E31B-AC45-4847-927B-670F6C3B57A4}"
EndProject
Global
	GlobalSection(SolutionConfigurationPlatforms) = preSolution
		Debug|Any CPU = Debug|Any CPU
		Release|Any CPU = Release|Any CPU
	EndGlobalSection
	GlobalSection(ProjectConfigurationPlatforms) = postSolution
		{346623A9-EE13-4BB4-93C0-068A7CAE43EE}.Debug|Any CPU.ActiveCfg = Debug|Any CPU
		{346623A9-EE13-4BB4-93C0-068A7CAE43EE}.Debug|Any CPU.Build.0 = Debug|Any CPU
		{346623A9-EE13-4BB4-93C0-068A7CAE43EE}.Release|Any CPU.ActiveCfg = Release|Any CPU
		{346623A9-EE13-4BB4-93C0-068A7CAE43EE}.Release|Any CPU.Build.0 = Release|Any CPU
		{412767D6-D574-4BFC-AD3A-C1BB52F39FDA}.Debug|Any CPU.ActiveCfg = Debug|Any CPU
		{412767D6-D574-4BFC-AD3A-C1BB52F39FDA}.Debug|Any CPU.Build.0 = Debug|Any CPU
		{412767D6-D574-4BFC-AD3A-C1BB52F39FDA}.Release|Any CPU.ActiveCfg = Release|Any CPU
		{412767D6-D574-4BFC-AD3A-C1BB52F39FDA}.Release|Any CPU.Build.0 = Release|Any CPU
		{A1A6E31B-AC45-4847-927B-670F6C3B57A4}.Debug|Any CPU.ActiveCfg = Debug|Any CPU
		{A1A6E31B-AC45-4847-927B-670F6C3B57A4}.Debug|Any CPU.Build.0 = Debug|Any CPU
		{A1A6E31B-AC45-4847-927B-670F6C3B57A4}.Release|Any CPU.ActiveCfg = Release|Any CPU
		{A1A6E31B-AC45-4847-927B-670F6C3B57A4}.Release|Any CPU.Build.0 = Release|Any CPU
	EndGlobalSection
	GlobalSection(SolutionProperties) = preSolution
		HideSolutionNode = FALSE
	EndGlobalSection
	GlobalSection(ExtensibilityGlobals) = postSolution
		SolutionGuid = {1AB759C2-7B97-42F8-8C96-F0C3A5125754}
	EndGlobalSection
EndGlobal
